{
  "version": "2",
  "remote": {
    "https://deno.land/std@0.97.0/fmt/colors.ts": "db22b314a2ae9430ae7460ce005e0a7130e23ae1c999157e3bb77cf55800f7e4",
    "https://deno.land/std@0.97.0/testing/_diff.ts": "961eaf6d9f5b0a8556c9d835bbc6fa74f5addd7d3b02728ba7936ff93364f7a3",
    "https://deno.land/std@0.97.0/testing/asserts.ts": "341292d12eebc44be4c3c2ca101ba8b6b5859cef2fa69d50c217f9d0bfbcfd1f",
    "https://deno.land/x/dotenv@v3.2.0/mod.ts": "077b48773de9205266a0b44c3c3a3c3083449ed64bb0b6cc461b95720678d38e",
    "https://deno.land/x/dotenv@v3.2.0/util.ts": "693730877b13f8ead2b79b2aa31e2a0652862f7dc0c5f6d2f313f4d39c7b7670",
    "https://deno.land/x/mustache_ts@v0.4.1.1/mustache.ts": "228a1138f55735e399b2232c87bcbb415ee462a067a10c71c14ae207c0b36a78",
    "https://esm.sh/object-replace-mustache@1.0.2": "f763e1e4f0fc22069907e88287b0ea319044c8fc2394b004deb5d5cc5dc6ac33",
    "https://esm.sh/ofetch@1.0.0": "a30c702fd65db8eee5d63954ca209999396fe263549ed0a0c402baab97a9ac37",
    "https://esm.sh/ufo@0.8.5": "0bbd4a41bb28c43dd85d075a779c663f14caa783cbdc43758dc841084415f979",
    "https://esm.sh/v94/ufo@0.8.5/deno/ufo.js": "3915a4a60288a00a73180e9a2086043152cb525c48daa1a5d7c68b3e5776f3ff",
    "https://esm.sh/v94/ufo@0.8.5/dist/index.d.ts": "c4591e29773354617e1955af9e055a0070e73e70ec25a0bcedfeeca06692e6f3",
    "https://esm.sh/v96/lodash@4.17.21/deno/_DataView.js": "6a5f1a0dd8d6d67a8d8f175051890453f4fe205463e38fc9544abafdb3e3d969",
    "https://esm.sh/v96/lodash@4.17.21/deno/_Hash.js": "8fc7b1687fc4e006cd39647a77ff64d914e46c861efd97cd741f841963c17d2b",
    "https://esm.sh/v96/lodash@4.17.21/deno/_ListCache.js": "07658c431e138d68be941caa45a295b797abbf16e0c427da30192d465a70c30e",
    "https://esm.sh/v96/lodash@4.17.21/deno/_Map.js": "3451845f9d60b9a69ea5b003c6b0a9e327cafdd02cbf4b2d4fbdf8830ca05a8d",
    "https://esm.sh/v96/lodash@4.17.21/deno/_MapCache.js": "0c8cb88c37a788b072245b0b7b6b76062f8d2f017bb23f2663b57d502b8403cc",
    "https://esm.sh/v96/lodash@4.17.21/deno/_Promise.js": "96e965d6053e9817db762e10c1960632237b67aa8722d2f347515d46f2d8298e",
    "https://esm.sh/v96/lodash@4.17.21/deno/_Set.js": "377cb72c9d789014ebba1e9d0fbbf239d8550f03bb96a105dd2bf1dc55caff3f",
    "https://esm.sh/v96/lodash@4.17.21/deno/_Stack.js": "ddf5842dfd9b46dc88ee4bfe56cbf6829cec3c282cca36081dfaf37fc7c879f7",
    "https://esm.sh/v96/lodash@4.17.21/deno/_Symbol.js": "652818f52ea939b789a20c79859fd8292204d5a0dd9bd9c79ef92de8d6a46eb9",
    "https://esm.sh/v96/lodash@4.17.21/deno/_Uint8Array.js": "bff3abb2f461156289d1bbce4462b0c57099eb31ee2c07a366eccdff46b3d0bd",
    "https://esm.sh/v96/lodash@4.17.21/deno/_WeakMap.js": "acc20f90a544ecfcc3b83b50064995e6c45c72523d94489e8afafa552f142dd5",
    "https://esm.sh/v96/lodash@4.17.21/deno/_arrayEach.js": "ed3e3abc500e055e6998497314a087758bb40d0adc6bc6b65a62286fa9abc6ba",
    "https://esm.sh/v96/lodash@4.17.21/deno/_arrayFilter.js": "c041e1f39a14b478170dba5e3deac1343276456156f81f8ea95307bd9345eb94",
    "https://esm.sh/v96/lodash@4.17.21/deno/_arrayLikeKeys.js": "6cbfccd1abebf102b10909761fc33d520ee793c499277e3808030c5e8082593c",
    "https://esm.sh/v96/lodash@4.17.21/deno/_arrayMap.js": "8409dacf497c127ca142dc4c9e814ff222e91c3b3f36fc7e88a6051b209bcb23",
    "https://esm.sh/v96/lodash@4.17.21/deno/_arrayPush.js": "6a07e93838cc566034a16efe0082d405ea85be762ce7aa221dd212e68af7d633",
    "https://esm.sh/v96/lodash@4.17.21/deno/_assignValue.js": "bd68f680d0a538d9898d661bf187040848ac35a9d1ab6f57340ea58feceedbfd",
    "https://esm.sh/v96/lodash@4.17.21/deno/_assocIndexOf.js": "7299189583c975325957d648fe4abc2f00821f9f4af7b6009f2505aa03802b83",
    "https://esm.sh/v96/lodash@4.17.21/deno/_baseAssign.js": "f65ccfd40507fd2ba5bd9efb216f5f87ae40e45e7f3dc009cc2a2f915ea0fe2a",
    "https://esm.sh/v96/lodash@4.17.21/deno/_baseAssignIn.js": "b338e9d1f60f348a657315ea2a9aa736354b70d280d43038d6c2edeb7e0b0193",
    "https://esm.sh/v96/lodash@4.17.21/deno/_baseAssignValue.js": "1e0aa2fd721df2b1dc26bea1bc6bbdbce248cfafc0c2f5d54f6806499aa7f3f7",
    "https://esm.sh/v96/lodash@4.17.21/deno/_baseClone.js": "0e0cbda461783fc4553c57a75ba67994679c181e572f2be49c1a97a78b9a50e3",
    "https://esm.sh/v96/lodash@4.17.21/deno/_baseCreate.js": "4a89ef891fda927349a1733c2842837e93db2d8c84351c111e5d8af5d2f8ad2e",
    "https://esm.sh/v96/lodash@4.17.21/deno/_baseGet.js": "5c0f952572e2153dc2ab31c1e2214dfa70bcd54272fb73186152121d80fbaad9",
    "https://esm.sh/v96/lodash@4.17.21/deno/_baseGetAllKeys.js": "a95007d96bf57cc736f065216c3434c12b04f422f4de1be442c865f61cbf98a4",
    "https://esm.sh/v96/lodash@4.17.21/deno/_baseGetTag.js": "591a52d6fe032b50ffaf7fd51f3b10f36a52a74d5ce36bfce28bede5cfc8e904",
    "https://esm.sh/v96/lodash@4.17.21/deno/_baseHas.js": "79865bb0effd774d0159ed1256923e995956426726a929d381ab8c070379dc81",
    "https://esm.sh/v96/lodash@4.17.21/deno/_baseIsArguments.js": "6d7dbc734ac91d73b631a5e8687803eddbcf7b19bce9399863fdc182f7df0591",
    "https://esm.sh/v96/lodash@4.17.21/deno/_baseIsMap.js": "a96bf7553b27c31649dca2e64687dfcdf8f3d7bf455695b798542487df6cf1e0",
    "https://esm.sh/v96/lodash@4.17.21/deno/_baseIsNative.js": "082a58b44c970a94e2a7ef216441b8a3563db2eef392b98b02d4ffbbe1496b18",
    "https://esm.sh/v96/lodash@4.17.21/deno/_baseIsSet.js": "dd22607cb77fc74f7c6612daca2508de4f452252fdcf992b49ac58979f1850e9",
    "https://esm.sh/v96/lodash@4.17.21/deno/_baseIsTypedArray.js": "395a19886ea59153b0b87dfaec89ef35fce8a310bbc0e7e0d4fdee85a61bcc04",
    "https://esm.sh/v96/lodash@4.17.21/deno/_baseKeys.js": "84f3ca11ca63a8059d2342dcf57af736a0271796b5ed574042eb0e8ef73a3876",
    "https://esm.sh/v96/lodash@4.17.21/deno/_baseKeysIn.js": "ae58a89fa1ec56db7834b20a95f52f83a6bbaaaa56ca9edb131c8ec920fc8046",
    "https://esm.sh/v96/lodash@4.17.21/deno/_baseSet.js": "9bdb0350bc9f51f851fc4c84434d00e7f74e98f058324e810ccd60779bf7ba45",
    "https://esm.sh/v96/lodash@4.17.21/deno/_baseTimes.js": "fd2403dec51d1e19e470553dd41f717add6ee01d1df8efba304558d3bb3e6434",
    "https://esm.sh/v96/lodash@4.17.21/deno/_baseToString.js": "d306024d5d27b8a3b5645e4710eeb0ab6d27498cd864f4a4429820268a192643",
    "https://esm.sh/v96/lodash@4.17.21/deno/_baseUnary.js": "135dedaf6fb2ec96dd70903fd71aa83dedde7c75d68bb845155b0900ad4ad706",
    "https://esm.sh/v96/lodash@4.17.21/deno/_castPath.js": "480ad8aa6e879754745357c843b45eb93a6db40f6a2567103faab14ecbd66815",
    "https://esm.sh/v96/lodash@4.17.21/deno/_cloneArrayBuffer.js": "1958b7395eecfb8723c9088be74a875e1c40fc9cbee459ca00638c5b30936e95",
    "https://esm.sh/v96/lodash@4.17.21/deno/_cloneBuffer.js": "2724eea73cfc89dcf2d5915cd12174a0f0286f32dea2cf1795c47d1f512806ad",
    "https://esm.sh/v96/lodash@4.17.21/deno/_cloneDataView.js": "f5e2c2333d3f9ebf8d006610bff2cf2dbd172e90462f2030e80b399218a8c2cb",
    "https://esm.sh/v96/lodash@4.17.21/deno/_cloneRegExp.js": "93e2c2a02a910ec521beeb04537f5d0e4ab8954520f330e2786d6053b8fbdadf",
    "https://esm.sh/v96/lodash@4.17.21/deno/_cloneSymbol.js": "26fefc5ead07855406a57229be7655c7660d6a2f9bd2969d1613485682951586",
    "https://esm.sh/v96/lodash@4.17.21/deno/_cloneTypedArray.js": "78d2d90c8d4c485c4970254bf24d8fbc24a7f940e230ee05141b5abba74b88ff",
    "https://esm.sh/v96/lodash@4.17.21/deno/_copyArray.js": "1d7ab72ca4c4b25774bef8ba75b02167b2bc54d475ce12d5478eb191e24828c9",
    "https://esm.sh/v96/lodash@4.17.21/deno/_copyObject.js": "32c6ed9b249afe55cba41b9d0fd4ac6e04d37483859060841337d44a22d17a21",
    "https://esm.sh/v96/lodash@4.17.21/deno/_copySymbols.js": "379f664e51df76e0a8ce6e8ca53b103abd463841cef593d4149c4757a0d6f461",
    "https://esm.sh/v96/lodash@4.17.21/deno/_copySymbolsIn.js": "1009f283f2daebe478be6c6e91f49230368411284cee5ceaf9c33577dedbec40",
    "https://esm.sh/v96/lodash@4.17.21/deno/_coreJsData.js": "a82c87e19ec342e771bad9b21b9768386dad7078891c0c83b40eab2a00b707e9",
    "https://esm.sh/v96/lodash@4.17.21/deno/_defineProperty.js": "3806d2204a10f4fbe95f890e36b74e5d277ebd91817550a3cf123292561de49e",
    "https://esm.sh/v96/lodash@4.17.21/deno/_freeGlobal.js": "4f3c6df66f238a732bdc4dd756dcc6c7dc254628c4bb574ee60ca59d353847f9",
    "https://esm.sh/v96/lodash@4.17.21/deno/_getAllKeys.js": "920236e766c505e2923c305d1a53c55e1e123fdb4fa4f004f5d037fed80a16bd",
    "https://esm.sh/v96/lodash@4.17.21/deno/_getAllKeysIn.js": "c74e9093ebded34019db49dd354f1577535a7d36689d2feb234b13af77ce2b65",
    "https://esm.sh/v96/lodash@4.17.21/deno/_getMapData.js": "f0b2401ac4c2ba0164cc1d7dc1f48b1ca5d304bc73c6a5e1a669ab7e5948edc4",
    "https://esm.sh/v96/lodash@4.17.21/deno/_getNative.js": "7aa20019b53f7e45f9ae7077aa76795ba721c97dd827a6dc6f3058dc491a56bd",
    "https://esm.sh/v96/lodash@4.17.21/deno/_getPrototype.js": "7a1c4febb9365a00046ab7e6a310bf4ee9a9718349236b3943689ba429e7eda5",
    "https://esm.sh/v96/lodash@4.17.21/deno/_getRawTag.js": "a2f94349551d8d0ea7289bc3cff399898a6131011ff0aebaf36a30ab57787997",
    "https://esm.sh/v96/lodash@4.17.21/deno/_getSymbols.js": "dc335363eb22b7d98b7e35d28d57a4f6e8686bed07a92b15d337d39ccdb6e1f5",
    "https://esm.sh/v96/lodash@4.17.21/deno/_getSymbolsIn.js": "60b09041db136ee8105a4ee80f57ac2a96718717974ff54eaf2adc2a9b804cc5",
    "https://esm.sh/v96/lodash@4.17.21/deno/_getTag.js": "5a3cb0f5a28aa6a9bc8f1263781e2ff9437efea8c512dbe7421b165cfdadf61a",
    "https://esm.sh/v96/lodash@4.17.21/deno/_getValue.js": "3bd032e0cb044d85b03ba75f3b8059f491d7f0cf8f6acae831a1a75114c422a2",
    "https://esm.sh/v96/lodash@4.17.21/deno/_hasPath.js": "ae01cce08663386fccb6432952c6eedf7df2f6eec2e1b2e57849638c91716eca",
    "https://esm.sh/v96/lodash@4.17.21/deno/_hashClear.js": "0ec829e1f7837e182bf520b9b4a1cc68cc7f71bd8c96ee0435a3f66a0f6519d7",
    "https://esm.sh/v96/lodash@4.17.21/deno/_hashDelete.js": "ced75518cabb404fa6e5bd7548f220da016c34f8e7d9c2a6cc325d1d9ddb9262",
    "https://esm.sh/v96/lodash@4.17.21/deno/_hashGet.js": "c97206f615c7d4b53daf41d97f2c99581ec83a578649ed68c3a26ab62b762ca9",
    "https://esm.sh/v96/lodash@4.17.21/deno/_hashHas.js": "38991138fff48a10f8c2dccbf4c6a6dab8efbb5015630245436d287c598ca244",
    "https://esm.sh/v96/lodash@4.17.21/deno/_hashSet.js": "532d84a89a278048afd777342cf07dfce36c1b4864a4fb15982cc60829ca21bb",
    "https://esm.sh/v96/lodash@4.17.21/deno/_initCloneArray.js": "b0552a49135c7adc1f4be06b4db2ba53ab99f1cbd5c0bacf2b7702d4711be2f3",
    "https://esm.sh/v96/lodash@4.17.21/deno/_initCloneByTag.js": "f3823503e4146785cbabd6176ce7d859d093e4429d655855b900e11bed484c32",
    "https://esm.sh/v96/lodash@4.17.21/deno/_initCloneObject.js": "fb2a5a7ec9ff29630ba09909bb902f35e6c9bcaec37a74141bc517b2d5ec3638",
    "https://esm.sh/v96/lodash@4.17.21/deno/_isIndex.js": "773e48e9632c9d530734320acc8c9c683db0c826c14a1fe2209ea4dc9b5171cf",
    "https://esm.sh/v96/lodash@4.17.21/deno/_isKey.js": "1ebbe3096ec2aa0ceefab29833b2aa4408f8c1c0c2e91ecb7e3fb59282b55226",
    "https://esm.sh/v96/lodash@4.17.21/deno/_isKeyable.js": "6d6359757e08728918709ae89548dc84c9292f7440a2dcd15522a5b962a41952",
    "https://esm.sh/v96/lodash@4.17.21/deno/_isMasked.js": "d40364363bea3b3283de0d35a43e72f1a41bf3acb6a659836cfb8b8cc4684535",
    "https://esm.sh/v96/lodash@4.17.21/deno/_isPrototype.js": "30c4611cb75ad5124a4a33ba2f986c912950499cb06b76979ac9aae6dd1e5b43",
    "https://esm.sh/v96/lodash@4.17.21/deno/_listCacheClear.js": "1815d74dee70df94b14486e667149e61ef82a06def845efdf5112dbdadfdbfb8",
    "https://esm.sh/v96/lodash@4.17.21/deno/_listCacheDelete.js": "613cc8902382fbb01302587c1875a6c311710f6c27e96877714a0b6294ba36b7",
    "https://esm.sh/v96/lodash@4.17.21/deno/_listCacheGet.js": "1cf86e62f27c24e13ae756585aadeac7c35376d5fd41b2d655a0532614485b04",
    "https://esm.sh/v96/lodash@4.17.21/deno/_listCacheHas.js": "4a8e4052f0285bca25ad14dccc2c8bdb043b4af2e3d59bf72be8a7d39d3c924c",
    "https://esm.sh/v96/lodash@4.17.21/deno/_listCacheSet.js": "028776e0004b24e4ec75db409b0317612be0e269c2580ab9200807a4653e0369",
    "https://esm.sh/v96/lodash@4.17.21/deno/_mapCacheClear.js": "82f00a2d2ef5a9e878253662f783a1debe4feb47c56191bec33ef077e8d19afd",
    "https://esm.sh/v96/lodash@4.17.21/deno/_mapCacheDelete.js": "98defd080bb659fd02d2ced82da7b1a462a9013fbb6a573e28ae3d92968ad4f7",
    "https://esm.sh/v96/lodash@4.17.21/deno/_mapCacheGet.js": "611636bad3b62d7bbb9662b86bf1826e00b95ae1da692ee7375e109e5b6547e1",
    "https://esm.sh/v96/lodash@4.17.21/deno/_mapCacheHas.js": "70f691c325ed66b5765338b20f12b571ed104a1248b7bcc28649c58b5d1a206f",
    "https://esm.sh/v96/lodash@4.17.21/deno/_mapCacheSet.js": "125471ca2548a33e677928150ffa8f38a8e28285685cf63a493a05ce687e10f8",
    "https://esm.sh/v96/lodash@4.17.21/deno/_memoizeCapped.js": "d8e2a76f94d8330bb8e6813a99ae8230936085fd835fcf58f480bf85131ff9c0",
    "https://esm.sh/v96/lodash@4.17.21/deno/_nativeCreate.js": "c6ae9e285ff4f452d86874108c37951f27f3b2ca8afb27f6b726b989cd924f57",
    "https://esm.sh/v96/lodash@4.17.21/deno/_nativeKeys.js": "b726b1670456faae77c5df9f65bdc5c407533d7a0ad8f4545bff8652e380fdfc",
    "https://esm.sh/v96/lodash@4.17.21/deno/_nativeKeysIn.js": "bcfde1087811a87a30a6c105f21f29fe6c31e0404cb102e001cca3c9773e0f2f",
    "https://esm.sh/v96/lodash@4.17.21/deno/_nodeUtil.js": "20d7ad924580f8192aea49a0f2e4959dcf3ec9b54dfcebf1f721eb6c3d735e5b",
    "https://esm.sh/v96/lodash@4.17.21/deno/_objectToString.js": "8c68659ecaaf7684f2fe98113ccdeeb091cf0ae775bfc27eea3061c366f9a30a",
    "https://esm.sh/v96/lodash@4.17.21/deno/_overArg.js": "f110ba62963e1f8e4e2222659792ed5f886f9b0df667c4a0730b0c349023b4cd",
    "https://esm.sh/v96/lodash@4.17.21/deno/_root.js": "ceaddf80672581722a67d03bb918d990c8b9f8c4f6825cc7341939727bda690a",
    "https://esm.sh/v96/lodash@4.17.21/deno/_stackClear.js": "5f4c7f52860477bfcb082194d8503a63d9d2c0297d54a759d964d29ce7dd992b",
    "https://esm.sh/v96/lodash@4.17.21/deno/_stackDelete.js": "4c4e766fbd8a38411f0ab6ed3ce7d9e9ec978921d85865b2e68b4234d07b19fd",
    "https://esm.sh/v96/lodash@4.17.21/deno/_stackGet.js": "7c83593b8e8fc9791b67f3e415c992d2b873c9478f8f37e61875956a50875c6e",
    "https://esm.sh/v96/lodash@4.17.21/deno/_stackHas.js": "a0a52db05ee70bbb53b8aca8f74959dc359deaf16ff0f3e797279943f885e5d6",
    "https://esm.sh/v96/lodash@4.17.21/deno/_stackSet.js": "b6d2663d14e33581b74e6f2395273317e5935b9db5674e370f76318df47b828f",
    "https://esm.sh/v96/lodash@4.17.21/deno/_stringToPath.js": "4ec37669ddaa30e703592ef7f2382b6ab614f19972ca5cb0cb0b7cf9b9d1a2f2",
    "https://esm.sh/v96/lodash@4.17.21/deno/_toKey.js": "6496cb3ccec60492228b3e5d6209ef6578fae4c433d5d5e669f09d2d315699b6",
    "https://esm.sh/v96/lodash@4.17.21/deno/_toSource.js": "2e11b93f2c697a87943cd26ea583eb2d5e9535a9d644a4e202dc958efe877351",
    "https://esm.sh/v96/lodash@4.17.21/deno/cloneDeep.js": "a94a3dfdf4bbf8b6f53b17748beb62ff4164c21e18ad4125ac39c27698b6cb67",
    "https://esm.sh/v96/lodash@4.17.21/deno/eq.js": "25fd45b2ba7ac36a02fb749e7f8ef2664ee0722b9ab3f9bb848756b496cfa62a",
    "https://esm.sh/v96/lodash@4.17.21/deno/get.js": "c12e95e9dddb6ce32a457417a0faab59bbb89a4d1fed5dd3f902c2cc5a6cc213",
    "https://esm.sh/v96/lodash@4.17.21/deno/has.js": "8c0cb0d395ca4af78897afc3c15ea87519a28c66e1885e1a1c7bf3018013aff9",
    "https://esm.sh/v96/lodash@4.17.21/deno/isArguments.js": "2dda18b757539df78b8c012e51c891362d6cc09fe82321ea44d3ca66d5920147",
    "https://esm.sh/v96/lodash@4.17.21/deno/isArray.js": "333c97e4ff54b7ec16324ee28bb88d855ee1b5f2c086188504c7a545f25b9725",
    "https://esm.sh/v96/lodash@4.17.21/deno/isArrayLike.js": "b7181eb7166ca24d0a8e2f0efa02f502492750001e374ab12e5718a1574190c4",
    "https://esm.sh/v96/lodash@4.17.21/deno/isBuffer.js": "7ff0bfab93088818604836dd889a9e5877950cb61230d67c00e65122d3ba2905",
    "https://esm.sh/v96/lodash@4.17.21/deno/isFunction.js": "2d45175550841af5e77589736983bfb51e2dfed16a8f6b3be2e8bd8966226f43",
    "https://esm.sh/v96/lodash@4.17.21/deno/isLength.js": "1b2cee52286d867948c10adea090f37992573145bed82bf89f8ccbb69d008a66",
    "https://esm.sh/v96/lodash@4.17.21/deno/isMap.js": "a22c9114508e3696d3f90fe8447ca29456613a3bd52c6e665a2c5beef5af8876",
    "https://esm.sh/v96/lodash@4.17.21/deno/isObject.js": "416d11c6100cf1e42c557964c2ba4d5da365bf1c291e13763ee2af74ae8f6f8b",
    "https://esm.sh/v96/lodash@4.17.21/deno/isObjectLike.js": "ea086b5ba333b27ddfe422ee3b572478ba9ba4413582146fa8b3ea6cf38d14de",
    "https://esm.sh/v96/lodash@4.17.21/deno/isPlainObject.js": "88bf03d384568fb9d7cda91b7af0f2b7fc1cdb03325be3136e8910e6d72aec7e",
    "https://esm.sh/v96/lodash@4.17.21/deno/isSet.js": "1caab49409cdce148a3498915deec153239c439e391e50f41fc54fb36fd15440",
    "https://esm.sh/v96/lodash@4.17.21/deno/isSymbol.js": "80c4c576009e837ce4e4362cae2f5180d8a41ffcb24ecb4d7c40655d0fcf0535",
    "https://esm.sh/v96/lodash@4.17.21/deno/isTypedArray.js": "49797a4e0f34b98f0e96090215e6261a31f23c6ec5e82f4fe7ca2b7974ba856f",
    "https://esm.sh/v96/lodash@4.17.21/deno/keys.js": "254f2a6972a6cd521fadc977d3ad4b8240e66c4f159044c8905b959d268afb0a",
    "https://esm.sh/v96/lodash@4.17.21/deno/keysIn.js": "6c478bd6ab1d4a255bb6eaedb37d9127857de48549d8488de1b098eb6ad868a3",
    "https://esm.sh/v96/lodash@4.17.21/deno/memoize.js": "569e11c110a2541446af2343f3990620f4e2ac24bb6ecac42779dfe12b3dc98b",
    "https://esm.sh/v96/lodash@4.17.21/deno/set.js": "a263574feff1bfd4cd2f59965e400fb9335d63e849d96a00803c78433fbee8da",
    "https://esm.sh/v96/lodash@4.17.21/deno/stubArray.js": "97ef417662371e52df258a1e7455e423b75f64f80eb0141d4b4a0c19459a2474",
    "https://esm.sh/v96/lodash@4.17.21/deno/stubFalse.js": "024a0ea544d6c632893dc6be756da34690a9d508741e63bb29f1956359280344",
    "https://esm.sh/v96/lodash@4.17.21/deno/toString.js": "60834bc05f01558920fd8665944f8ae818326c8c96ed6265aed5e8fec9894882",
    "https://esm.sh/v96/object-replace-mustache@1.0.2/deno/object-replace-mustache.js": "6d458af676ba366e9e4987e543e38949b3194402c57ee03c9ec7d39d0bfe73ac",
    "https://esm.sh/v96/object-replace-mustache@1.0.2/dist/index.d.ts": "7ff01e557d5e44a005e27e0e294c701b4fcc72030183ffeaf9435b6d628efc3d",
    "https://esm.sh/v96/object-replace-mustache@1.0.2/dist/object-replace-mustache.d.ts": "4bb9536c7f7bfbe52d8d64c9ff2f6d99445d96b74cbb376c83e26f94ae5f5f0c",
    "https://esm.sh/v96/object-replace-mustache@1.0.2/dist/types.d.ts": "4777edfc82ea071550c6c17b5766d3139f88ca8b0621bdfe7e7337ba6cc06aee",
    "https://esm.sh/v99/destr@1.2.1/deno/destr.js": "f02d68a52a3f5f44df8333465f434fa88b2250754f57300527335f09f597a1ba",
    "https://esm.sh/v99/ofetch@1.0.0/deno/ofetch.js": "cf5a20798af9e35ba79b4d67ca404e4e375a5ab26afd7114836568a05daea424",
    "https://esm.sh/v99/ofetch@1.0.0/dist/error-8a55452d.d.ts": "3819a5d57bdde23e2926049c84fbf6f7ebf24066b0cd55f6d6b2b5ee35ba776f",
    "https://esm.sh/v99/ofetch@1.0.0/dist/index.d.ts": "07e1c3cdaf24923eed60ab271f6171970ee22c43e1e810df10433b2603ee33d7",
    "https://esm.sh/v99/ufo@1.0.0/deno/ufo.js": "e4f0516710532a1e24dc9194e7b9d6dd6d7fe0ffc22e6386e4228cc74397f304"
  }
}
