{
  "version": "2",
  "remote": {
    "https://deno.land/std@0.168.0/async/abortable.ts": "80b2ac399f142cc528f95a037a7d0e653296352d95c681e284533765961de409",
    "https://deno.land/std@0.168.0/async/deadline.ts": "2c2deb53c7c28ca1dda7a3ad81e70508b1ebc25db52559de6b8636c9278fd41f",
    "https://deno.land/std@0.168.0/async/debounce.ts": "60301ffb37e730cd2d6f9dadfd0ecb2a38857681bd7aaf6b0a106b06e5210a98",
    "https://deno.land/std@0.168.0/async/deferred.ts": "77d3f84255c3627f1cc88699d8472b664d7635990d5358c4351623e098e917d6",
    "https://deno.land/std@0.168.0/async/delay.ts": "5a9bfba8de38840308a7a33786a0155a7f6c1f7a859558ddcec5fe06e16daf57",
    "https://deno.land/std@0.168.0/async/mod.ts": "7809ad4bb223e40f5fdc043e5c7ca04e0e25eed35c32c3c32e28697c553fa6d9",
    "https://deno.land/std@0.168.0/async/mux_async_iterator.ts": "770a0ff26c59f8bbbda6b703a2235f04e379f73238e8d66a087edc68c2a2c35f",
    "https://deno.land/std@0.168.0/async/pool.ts": "6854d8cd675a74c73391c82005cbbe4cc58183bddcd1fbbd7c2bcda42b61cf69",
    "https://deno.land/std@0.168.0/async/retry.ts": "e8e5173623915bbc0ddc537698fa418cf875456c347eda1ed453528645b42e67",
    "https://deno.land/std@0.168.0/async/tee.ts": "3a47cc4e9a940904fd4341f0224907e199121c80b831faa5ec2b054c6d2eff5e",
    "https://deno.land/std@0.168.0/http/server.ts": "e99c1bee8a3f6571ee4cdeb2966efad465b8f6fe62bec1bdb59c1f007cc4d155",
    "https://esm.sh/@tremor/react@1.7.0?alias=react:preact/compat,react-dom:preact/compat&deps=preact@10.11.3": "2da9d953394563e1a1196c03ba8c02f7ffaa6b01747798805979998ca6b1cb9b",
    "https://esm.sh/preact-render-to-string@5.1.19?deps=preact@10.11.3": "3e3d651fb6c2ad5249af9795d5bc8c34c0c9c1db06c8c1c8aeb4d968095b3e23",
    "https://esm.sh/preact@10.11.3": "bb13c4579a68025fbfe7304c0c4dba6ec286c89bce5db830e56507851b208b80",
    "https://esm.sh/stable/preact@10.11.3/deno/compat.js": "06a238840597f363c5d03a6f4138f49bac03ca80f743b32522befe7e98ed835a",
    "https://esm.sh/stable/preact@10.11.3/deno/hooks.js": "1b9de67d071aa5a345bbfbf5cd22bba292b4b54d77efdf321088521348ee3855",
    "https://esm.sh/stable/preact@10.11.3/deno/preact.js": "e8719d19acfc4aa656f7861abc6bb4bbc776516be5fd8b2f4ea1b3de12e70168",
    "https://esm.sh/v111/@tremor/react@1.7.0/X-YS9yZWFjdC1kb206cHJlYWN0L2NvbXBhdCxyZWFjdDpwcmVhY3QvY29tcGF0CmQvcHJlYWN0QDEwLjExLjM/deno/react.js": "19a2dde7367e7a564b20a5225877ba28c92510c7876af4c17eeb27261d1f2418",
    "https://esm.sh/v111/@tremor/react@1.7.0/X-YS9yZWFjdC1kb206cHJlYWN0L2NvbXBhdCxyZWFjdDpwcmVhY3QvY29tcGF0CmQvcHJlYWN0QDEwLjExLjM/dist/index.d.ts": "4a8e2e090eb03b9f4a83f7e3897206e9cb10ba6280e3f0c178c34542fd850fdb",
    "https://esm.sh/v111/@types/prop-types@15.7.5/X-YS9yZWFjdC1kb206cHJlYWN0L2NvbXBhdCxyZWFjdDpwcmVhY3QvY29tcGF0CmQvcHJlYWN0QDEwLjExLjM/index.d.ts": "6a386ff939f180ae8ef064699d8b7b6e62bc2731a62d7fbf5e02589383838dea",
    "https://esm.sh/v111/@types/react@18.0.28/X-YS9yZWFjdC1kb206cHJlYWN0L2NvbXBhdCxyZWFjdDpwcmVhY3QvY29tcGF0CmQvcHJlYWN0QDEwLjExLjM/global.d.ts": "bbdf156fea2fabed31a569445835aeedcc33643d404fcbaa54541f06c109df3f",
    "https://esm.sh/v111/@types/react@18.0.28/X-YS9yZWFjdC1kb206cHJlYWN0L2NvbXBhdCxyZWFjdDpwcmVhY3QvY29tcGF0CmQvcHJlYWN0QDEwLjExLjM/index.d.ts": "a95f77d25e2828f77d01a96b4eebc66c200e7af895506c97e369a4bf64e3a985",
    "https://esm.sh/v111/@types/scheduler@0.16.2/X-YS9yZWFjdC1kb206cHJlYWN0L2NvbXBhdCxyZWFjdDpwcmVhY3QvY29tcGF0CmQvcHJlYWN0QDEwLjExLjM/tracing.d.ts": "f5a8b384f182b3851cec3596ccc96cb7464f8d3469f48c74bf2befb782a19de5",
    "https://esm.sh/v111/csstype@3.1.1/X-YS9yZWFjdC1kb206cHJlYWN0L2NvbXBhdCxyZWFjdDpwcmVhY3QvY29tcGF0CmQvcHJlYWN0QDEwLjExLjM/index.d.ts": "1c29793071152b207c01ea1954e343be9a44d85234447b2b236acae9e709a383",
    "https://esm.sh/v111/date-fns@2.29.3/X-YS9yZWFjdC1kb206cHJlYWN0L2NvbXBhdCxyZWFjdDpwcmVhY3QvY29tcGF0CmQvcHJlYWN0QDEwLjExLjM/typings.d.ts": "9c62993c035e955fa06a2f6884bb92207c2a5f29ec296ff8294eb40c0fced732",
    "https://esm.sh/v111/preact-render-to-string@5.1.19/X-ZC9wcmVhY3RAMTAuMTEuMw/deno/preact-render-to-string.js": "6d588ec98d7d05ff7492d854693463b7ca5498027d851084aade906526aa7145",
    "https://esm.sh/v111/preact-render-to-string@5.1.19/X-ZC9wcmVhY3RAMTAuMTEuMw/src/index.d.ts": "9cf33c4ef2f86e1b48312736cf45f4e89030fc4f09563b8cef1d4a243592948e",
    "https://esm.sh/v111/preact@10.11.3/src/index.d.ts": "76842a9d103548261ee001f2aee5fa5cacc8b1b4b4032af537ed84603c8f4a31",
    "https://esm.sh/v111/preact@10.11.3/src/jsx.d.ts": "77ce5bd7324455c9f6dc85bfc3c94b733acb92cc98fdf82e4b1059c8bca7866d"
  }
}
