{
  "version": "2",
  "remote": {
    "https://deno.land/std@0.116.0/fmt/colors.ts": "8368ddf2d48dfe413ffd04cdbb7ae6a1009cf0dccc9c7ff1d76259d9c61a0621",
    "https://deno.land/std@0.116.0/testing/_diff.ts": "e6a10d2aca8d6c27a9c5b8a2dbbf64353874730af539707b5b39d4128140642d",
    "https://deno.land/std@0.116.0/testing/asserts.ts": "a1fef0239a2c343b0baa49c77dcdd7412613c46f3aba2887c331a2d7ed1f645e",
    "https://deno.land/std@0.170.0/_util/asserts.ts": "d0844e9b62510f89ce1f9878b046f6a57bf88f208a10304aab50efcb48365272",
    "https://deno.land/std@0.170.0/_util/os.ts": "8a33345f74990e627b9dfe2de9b040004b08ea5146c7c9e8fe9a29070d193934",
    "https://deno.land/std@0.170.0/flags/mod.ts": "4f50ec6383c02684db35de38b3ffb2cd5b9fcfcc0b1147055d1980c49e82521c",
    "https://deno.land/std@0.170.0/fmt/colors.ts": "03ad95e543d2808bc43c17a3dd29d25b43d0f16287fe562a0be89bf632454a12",
    "https://deno.land/std@0.170.0/path/_constants.ts": "df1db3ffa6dd6d1252cc9617e5d72165cd2483df90e93833e13580687b6083c3",
    "https://deno.land/std@0.170.0/path/_interface.ts": "ee3b431a336b80cf445441109d089b70d87d5e248f4f90ff906820889ecf8d09",
    "https://deno.land/std@0.170.0/path/_util.ts": "d16be2a16e1204b65f9d0dfc54a9bc472cafe5f4a190b3c8471ec2016ccd1677",
    "https://deno.land/std@0.170.0/path/common.ts": "bee563630abd2d97f99d83c96c2fa0cca7cee103e8cb4e7699ec4d5db7bd2633",
    "https://deno.land/std@0.170.0/path/glob.ts": "81cc6c72be002cd546c7a22d1f263f82f63f37fe0035d9726aa96fc8f6e4afa1",
    "https://deno.land/std@0.170.0/path/mod.ts": "cf7cec7ac11b7048bb66af8ae03513e66595c279c65cfa12bfc07d9599608b78",
    "https://deno.land/std@0.170.0/path/posix.ts": "b859684bc4d80edfd4cad0a82371b50c716330bed51143d6dcdbe59e6278b30c",
    "https://deno.land/std@0.170.0/path/separator.ts": "fe1816cb765a8068afb3e8f13ad272351c85cbc739af56dacfc7d93d710fe0f9",
    "https://deno.land/std@0.170.0/path/win32.ts": "7cebd2bda6657371adc00061a1d23fdd87bcdf64b4843bb148b0b24c11b40f69",
    "https://deno.land/std@0.170.0/semver/mod.ts": "7bff23d6165f0f3d3ea9a165afdb3e0c761acb335012f050ab21575c84828b76",
    "https://deno.land/std@0.170.0/streams/text_line_stream.ts": "9c402985714fe454dad6b59df8a6de7bf13fcb7ae027f35226b0b76d90a1dc60",
    "https://deno.land/std@0.177.0/_util/asserts.ts": "178dfc49a464aee693a7e285567b3d0b555dc805ff490505a8aae34f9cfb1462",
    "https://deno.land/std@0.177.0/_util/os.ts": "d932f56d41e4f6a6093d56044e29ce637f8dcc43c5a90af43504a889cf1775e3",
    "https://deno.land/std@0.177.0/node/_core.ts": "9a58c0ef98ee77e9b8fcc405511d1b37a003a705eb6a9b6e95f75434d8009adc",
    "https://deno.land/std@0.177.0/node/_events.d.ts": "1347437fd6b084d7c9a4e16b9fe7435f00b030970086482edeeb3b179d0775af",
    "https://deno.land/std@0.177.0/node/_events.mjs": "d4ba4e629abe3db9f1b14659fd5c282b7da8b2b95eaf13238eee4ebb142a2448",
    "https://deno.land/std@0.177.0/node/_utils.ts": "7fd55872a0cf9275e3c080a60e2fa6d45b8de9e956ebcde9053e72a344185884",
    "https://deno.land/std@0.177.0/node/events.ts": "d2de352d509de11a375e2cb397d6b98f5fed4e562fc1d41be33214903a38e6b0",
    "https://deno.land/std@0.177.0/node/internal/crypto/_keys.ts": "8f3c3b5a141aa0331a53c205e9338655f1b3b307a08085fd6ff6dda6f7c4190b",
    "https://deno.land/std@0.177.0/node/internal/crypto/constants.ts": "544d605703053218499b08214f2e25cf4310651d535b7ab995891c4b7a217693",
    "https://deno.land/std@0.177.0/node/internal/error_codes.ts": "8495e33f448a484518d76fa3d41d34fc20fe03c14b30130ad8e936b0035d4b8b",
    "https://deno.land/std@0.177.0/node/internal/errors.ts": "1c699b8a3cb93174f697a348c004b1c6d576b66688eac8a48ebb78e65c720aae",
    "https://deno.land/std@0.177.0/node/internal/hide_stack_frames.ts": "9dd1bad0a6e62a1042ce3a51eb1b1ecee2f246907bff44835f86e8f021de679a",
    "https://deno.land/std@0.177.0/node/internal/normalize_encoding.mjs": "fd1d9df61c44d7196432f6e8244621468715131d18cc79cd299fc78ac549f707",
    "https://deno.land/std@0.177.0/node/internal/util/inspect.mjs": "11d7c9cab514b8e485acc3978c74b837263ff9c08ae4537fa18ad56bae633259",
    "https://deno.land/std@0.177.0/node/internal/util/types.ts": "0e587b44ec5e017cf228589fc5ce9983b75beece6c39409c34170cfad49d6417",
    "https://deno.land/std@0.177.0/node/internal/validators.mjs": "e02f2b02dd072a5d623970292588d541204dc82207b4c58985d933a5f4b382e6",
    "https://deno.land/std@0.177.0/node/internal_binding/_libuv_winerror.ts": "30c9569603d4b97a1f1a034d88a3f74800d5ea1f12fcc3d225c9899d4e1a518b",
    "https://deno.land/std@0.177.0/node/internal_binding/_winerror.ts": "3e8cfdfe22e89f13d2b28529bab35155e6b1730c0221ec5a6fc7077dc037be13",
    "https://deno.land/std@0.177.0/node/internal_binding/constants.ts": "21ff9d1ee71d0a2086541083a7711842fc6ae25e264dbf45c73815aadce06f4c",
    "https://deno.land/std@0.177.0/node/internal_binding/types.ts": "2187595a58d2cf0134f4db6cc2a12bf777f452f52b15b6c3aed73fa072aa5fc3",
    "https://deno.land/std@0.177.0/node/internal_binding/util.ts": "808ff3b92740284184ab824adfc420e75398c88c8bccf5111f0c24ac18c48f10",
    "https://deno.land/std@0.177.0/node/internal_binding/uv.ts": "eb0048e30af4db407fb3f95563e30d70efd6187051c033713b0a5b768593a3a3",
    "https://deno.land/std@0.97.0/fmt/colors.ts": "db22b314a2ae9430ae7460ce005e0a7130e23ae1c999157e3bb77cf55800f7e4",
    "https://deno.land/x/tty@0.1.4/ansi_regex.ts": "1d3b0c7289164f93c9ebafe3bbd05a723568a250cc5c29c0cc922ff55af9a238",
    "https://deno.land/x/tty@0.1.4/combining.ts": "a615e9479d8bc901e3a727e5cae83c0aa1d4ca1e75fa040861d9905d16b30ffc",
    "https://deno.land/x/tty@0.1.4/is_interactive.ts": "37080d92399827215e60a57d97013aefbdbc038e7a5d2346abd298a7010525e6",
    "https://deno.land/x/tty@0.1.4/mod.ts": "65f44c03d7c3daee2b87c6a2a20b0653dec9e3b4ece8183bb0a82233a0e05ff0",
    "https://deno.land/x/tty@0.1.4/strip_ansi.ts": "6671d8d44da192a713aac06fb9a0959a3c0b11a161438fdf540856e2208857d9",
    "https://deno.land/x/tty@0.1.4/tty_async.ts": "cbcdc8132754084153680dd3fbc73acb58e0b9232aff09897a46edcf6f637967",
    "https://deno.land/x/tty@0.1.4/tty_sync.ts": "ad5d986dbd561e5768c49bf48a54580521bdfe95aa41869e8c84d99dbae0ff08",
    "https://deno.land/x/tty@0.1.4/util.ts": "fd50eb009b46f01461f3d38decaf4366c4970bbd818edc39b58a574efe67dbb7",
    "https://deno.land/x/tty@0.1.4/wcwidth.ts": "ab712adbbe4a07c27cc0ab89b99c3a77d28fe911c0fd1c8cebd867efc1fb4416",
    "https://deno.land/x/wait@0.1.12/deps.ts": "5e26f3a59058cd8870ff0168340a1808c13fef289940ecc8c96e46a89a17514d",
    "https://deno.land/x/wait@0.1.12/log_symbols.ts": "cdf2d0aa44754d10fddd55999e933886a4d753f2acfc1219f629427ccc776ac7",
    "https://deno.land/x/wait@0.1.12/mod.ts": "83211441439cd0f794f4e95fbb6c766929dd6886169100d3bdf2ea1ea5e3adfe",
    "https://deno.land/x/wait@0.1.12/spinners.ts": "289346d54f8d6152a5dcd67b67e47784cf9b7a8a8f6f0b6dc041ebc2ef6bb76c",
    "https://esm.sh/@netzo/api@1.0.11?exports=Deployment,Project": "a9dd97cbdc369f5fea0761278d6cf0765fa9c63aaa5ce2524b2335afdfb9862c",
    "https://esm.sh/v124/@feathersjs/authentication-client@5.0.5/deno/authentication-client.mjs": "55f744a5a057e9c5bae3ed85609e71be78ca605afd4f9c0a1af8a256aff678be",
    "https://esm.sh/v124/@feathersjs/authentication-client@5.0.5/lib/core.d.ts": "8469889e9d03ffb06b8a3985beac296a96ebbb76e956d7c2024f5a816a55d67a",
    "https://esm.sh/v124/@feathersjs/authentication-client@5.0.5/lib/hooks/authentication.d.ts": "ac1313d1984feb1be4251d10e9a1adc7fd8169384db230685fd304ccb9f996df",
    "https://esm.sh/v124/@feathersjs/authentication-client@5.0.5/lib/hooks/index.d.ts": "a9b8c0fbbb13fff2fb37d3835ceecb09c9869a25186f5d5b54e3147858238142",
    "https://esm.sh/v124/@feathersjs/authentication-client@5.0.5/lib/hooks/populate-header.d.ts": "95a2074110a9e3b0b2bc1cd6aad991b8ff420709d0e2245fba3e211358cabb6d",
    "https://esm.sh/v124/@feathersjs/authentication-client@5.0.5/lib/index.d.ts": "87d8216203f753d3dab5c1e5be1a58e49fdd32078f2c3d9d5fa5b9e69e3a4617",
    "https://esm.sh/v124/@feathersjs/authentication-client@5.0.5/lib/storage.d.ts": "b42d868ee3410c3b4417853a4f3f8004c0989db35089a7dee9c1a836fbb6fa6c",
    "https://esm.sh/v124/@feathersjs/authentication@5.0.5/lib/core.d.ts": "55529a7c0bd3beefc0f6c252278f741e904c0a6333e80dbd925e99d37a67356f",
    "https://esm.sh/v124/@feathersjs/authentication@5.0.5/lib/hooks/authenticate.d.ts": "134db769cfd473f5470bb0c2c68bc1a933eb5eb1abcd757979fb7dffa7512556",
    "https://esm.sh/v124/@feathersjs/authentication@5.0.5/lib/hooks/connection.d.ts": "46402af49b51288a7d8b13fe5537623572004d4ddedd19b3420f032cd652896e",
    "https://esm.sh/v124/@feathersjs/authentication@5.0.5/lib/hooks/event.d.ts": "46402af49b51288a7d8b13fe5537623572004d4ddedd19b3420f032cd652896e",
    "https://esm.sh/v124/@feathersjs/authentication@5.0.5/lib/hooks/index.d.ts": "879ef9eb7246814009f794169846d5cbfc1e7471a4fd377a8f69a7b3a0b049fe",
    "https://esm.sh/v124/@feathersjs/authentication@5.0.5/lib/index.d.ts": "8aa14253707d3444dae8f18b994ec729ccc28513d6c7bff2c80a19ddf3e68466",
    "https://esm.sh/v124/@feathersjs/authentication@5.0.5/lib/jwt.d.ts": "6fb3eed1767b71af8a132a117e1d56ac8997f98956b6e5fcfee89f129d59f402",
    "https://esm.sh/v124/@feathersjs/authentication@5.0.5/lib/options.d.ts": "c496579bd1c81f653d6042cf967f976990cacf731d62e662e22c76d914fa694e",
    "https://esm.sh/v124/@feathersjs/authentication@5.0.5/lib/service.d.ts": "06e5f7be43bd9d65e95821313c0e830344baccfc1b1bedbe912fbf63db929247",
    "https://esm.sh/v124/@feathersjs/authentication@5.0.5/lib/strategy.d.ts": "aa3a8c833e868123589f992a78f10bf7a587b002cdadb7020c2647cda3f7e08e",
    "https://esm.sh/v124/@feathersjs/commons@5.0.5/deno/commons.mjs": "76f02f84689935ec6f037e0854332fd7c0b3f987419d222218a0e8d25a4cda04",
    "https://esm.sh/v124/@feathersjs/commons@5.0.5/lib/debug.d.ts": "e6d292e89296d67f75366dbb4c930170afb31822657d3cd41d4d20809c13a1cb",
    "https://esm.sh/v124/@feathersjs/commons@5.0.5/lib/index.d.ts": "39914cc690ea72e92feb390a5aaec22e831a4ba9b34645bee3ddb0fdb4ccb5f0",
    "https://esm.sh/v124/@feathersjs/errors@5.0.5/deno/errors.mjs": "2323b28f7f65ab802926cb51dacb6ed6fe1b1f90e63e69d1acfbee2c40123641",
    "https://esm.sh/v124/@feathersjs/errors@5.0.5/lib/index.d.ts": "14bc73ad8fd751af0d276a4a4406eda22684e21740ca6b55bf518bfc8ccbc3b9",
    "https://esm.sh/v124/@feathersjs/express@5.0.5/lib/authentication.d.ts": "fc8f0042ba1b51a58737550f2e6dde777e40978c0cb45d38ccd8859bb4c0c2ad",
    "https://esm.sh/v124/@feathersjs/express@5.0.5/lib/declarations.d.ts": "578bf586fc0ddf449db5fd9ca12e523b9c143b1187d492c8f9be500abbbaee94",
    "https://esm.sh/v124/@feathersjs/express@5.0.5/lib/handlers.d.ts": "abd8bc5a372cff97f99edec3e70a06c6f0141b61326d0348c6f029eda3a61411",
    "https://esm.sh/v124/@feathersjs/express@5.0.5/lib/index.d.ts": "3a1c967b91e4188321253078c4a2ec027210db9ee4c69d6264c23e19d5cc5e06",
    "https://esm.sh/v124/@feathersjs/express@5.0.5/lib/rest.d.ts": "42f5103d41c8978fd598c58b3979f2b2f80a8a750a3e5bb3fafe784245767e29",
    "https://esm.sh/v124/@feathersjs/feathers@5.0.5/deno/feathers.mjs": "0bd249306fc693190d6de6f21bf5bbb0f7f5fb2a39a8da09f98010d07dbb5b24",
    "https://esm.sh/v124/@feathersjs/feathers@5.0.5/lib/application.d.ts": "063e353da2c11c646abd5e01eb9629738a14441732e39eadef3e2a4721782f47",
    "https://esm.sh/v124/@feathersjs/feathers@5.0.5/lib/declarations.d.ts": "29b5baa21bfbb1651cd662cd42413649aaf9f87b16b08328a060bcf64b1f3772",
    "https://esm.sh/v124/@feathersjs/feathers@5.0.5/lib/hooks.d.ts": "997b653848e429c2d8926329034297bce6805f55f9981631b525c03ee5c5ef8f",
    "https://esm.sh/v124/@feathersjs/feathers@5.0.5/lib/index.d.ts": "2ef4043e16666ffee986243cfcdb7b785b3d83c8898deac615fbd45a88609ee1",
    "https://esm.sh/v124/@feathersjs/feathers@5.0.5/lib/service.d.ts": "2ada6da069b1a40ff890bf214ab80ac7eb31e73142dcd8e7a5bf380008a62858",
    "https://esm.sh/v124/@feathersjs/feathers@5.0.5/lib/version.d.ts": "1e4e07aff936440fa736514f920fb6ce5218ed472d8bea6d53a423711777bdcc",
    "https://esm.sh/v124/@feathersjs/hooks@0.8.1/deno/hooks.mjs": "b4c093553fc3a9abfd3ea94efaf39e5b91020cdbef7cfbe2cc88e496aaf3eb22",
    "https://esm.sh/v124/@feathersjs/hooks@0.8.1/types/base.d.ts": "5b84ccb0d4d57570dd4b435ca959a7dfd42834965d16ed91e12d52f7c58f54d6",
    "https://esm.sh/v124/@feathersjs/hooks@0.8.1/types/compose.d.ts": "46b8389cb86a19b0b53ffcca7578ea961ba47214ec72e4855f3c171153421b18",
    "https://esm.sh/v124/@feathersjs/hooks@0.8.1/types/hooks.d.ts": "7c41dd4dbecf6f8130b0334a76a16154007d64f5a9b51ed8bb7ae0075a85dbdb",
    "https://esm.sh/v124/@feathersjs/hooks@0.8.1/types/index.d.ts": "f6dfdef92b152ac58a5091fea7b3a1a1188e78b1573fb2cb186066cf283dc236",
    "https://esm.sh/v124/@feathersjs/hooks@0.8.1/types/regular.d.ts": "ca647fc59ddb0bdf4a966015f7b57b506586953e01d5d1f72f96225d3b3b8d85",
    "https://esm.sh/v124/@feathersjs/schema@5.0.5/lib/default-schemas.d.ts": "d73ddf6e3a16fe08cea47f329cca556f8ac90067bff64336c1adbb1c0bffcbbf",
    "https://esm.sh/v124/@feathersjs/schema@5.0.5/lib/hooks/index.d.ts": "be630f720da9f2ff4f1f6c7b6d968baad5597557c8cef1d51ba7bbe02ea9ddf7",
    "https://esm.sh/v124/@feathersjs/schema@5.0.5/lib/hooks/resolve.d.ts": "5a5ee69c17131f9ec511f4c185e3e88aaa60e2d4a8305cb5d69696ce1f61d331",
    "https://esm.sh/v124/@feathersjs/schema@5.0.5/lib/hooks/validate.d.ts": "17645023a733c16f5e523854025d2a7a3f5f7065035414497c60e32d4cc057e4",
    "https://esm.sh/v124/@feathersjs/schema@5.0.5/lib/index.d.ts": "2659bbb533e62b28efac0ea724443763ca4b4e69f05410245e60ef74ab4ee18c",
    "https://esm.sh/v124/@feathersjs/schema@5.0.5/lib/json-schema.d.ts": "0bc9921c6f922c4612de2838fc81edc0411f22a0bbd4725139f84133cff4e4a6",
    "https://esm.sh/v124/@feathersjs/schema@5.0.5/lib/resolver.d.ts": "ad7acf704c6f4b95471a278e41e57fe7058c4e0d69d41e42bb20184d457919be",
    "https://esm.sh/v124/@feathersjs/schema@5.0.5/lib/schema.d.ts": "3ce5c20e4cc9d9bd9f8902ca86b81c724f99b323be0f0aa59863cf7f9636f1f6",
    "https://esm.sh/v124/@feathersjs/transport-commons@5.0.5/lib/channels/channel/base.d.ts": "76933bebbce20e9cad586e1c7e386b160567fcbfb60c131706e2f751b8fa6461",
    "https://esm.sh/v124/@feathersjs/transport-commons@5.0.5/lib/channels/channel/combined.d.ts": "132c1117c4d141faab117649b35538cc41718ce283ef8378e828a251f811baa0",
    "https://esm.sh/v124/@feathersjs/transport-commons@5.0.5/lib/channels/index.d.ts": "f5452a8505997f1ea0ffb0f84bb7d123dff4809b683a2444134f3641422c7e8f",
    "https://esm.sh/v124/@feathersjs/transport-commons@5.0.5/lib/channels/mixins.d.ts": "208f73a7ac56c55a4c0b25d2aa5616633f3db32088b5c40e9200d4c87aba5b85",
    "https://esm.sh/v124/@feathersjs/transport-commons@5.0.5/lib/http.d.ts": "9fa0094764c37fe46134d50cec9a79d904da7a8a92c9419a9ad4650f7c459f7c",
    "https://esm.sh/v124/@feathersjs/transport-commons@5.0.5/lib/index.d.ts": "48f75ff7d01b1e72f277a9a5b53cd880d94ac2a9a84d99d995377f0fb7b74a9a",
    "https://esm.sh/v124/@feathersjs/transport-commons@5.0.5/lib/routing/index.d.ts": "36b102c6db5a97dd4b68289cc41278ee3d797b3c5d89c5d1ec3e1c80b989ee64",
    "https://esm.sh/v124/@feathersjs/transport-commons@5.0.5/lib/routing/router.d.ts": "6ecd33a6d139cbf2ee7c1d17fea0bc0afd1cbabd97db509112d34353e2b1074b",
    "https://esm.sh/v124/@feathersjs/transport-commons@5.0.5/lib/socket/index.d.ts": "c5a2de26fdf61a4319ce486c9bb7c07a67407697b9e6c6b26cdcf25608c9af67",
    "https://esm.sh/v124/@feathersjs/typebox@5.0.5/lib/default-schemas.d.ts": "935131e0b5cbec8b5beb9ba8c2824d424b8b54fc56be8cd76f3d0a2c44611435",
    "https://esm.sh/v124/@feathersjs/typebox@5.0.5/lib/index.d.ts": "2a948b416e4ef505a2a1625bdc6730c01e12fae468d6beb1f06ddc1d929c64f8",
    "https://esm.sh/v124/@netzo/api@1.0.11/X-dHMvRGVwbG95bWVudCxQcm9qZWN0/deno/api.mjs": "536f305854887d1b30a0bdb0d6b7f34c7728ac1740c704943b7c930681b0d125",
    "https://esm.sh/v124/@netzo/api@1.0.11/lib/client.d.ts": "4f224d074cce5c44d2f2740bed8d4c5e6ad6f75b0b2b5fbdef75638ce8a03e6b",
    "https://esm.sh/v124/@netzo/api@1.0.11/lib/configuration.d.ts": "4a7cb17c7e59986a85e0158242223de48c5f0fd0c3c287bfb89ada3868531c48",
    "https://esm.sh/v124/@netzo/api@1.0.11/lib/declarations.d.ts": "a4694dfba8c955738b6b14e6ffbb78f645961bb22e299111eb612cdd39e863f8",
    "https://esm.sh/v124/@netzo/api@1.0.11/lib/services/mongodb/api-keys/api-keys.class.d.ts": "d374e16a9732e6c836aff86b625796be5cd50cf5be217354e90e4d0615678c73",
    "https://esm.sh/v124/@netzo/api@1.0.11/lib/services/mongodb/api-keys/api-keys.d.ts": "7cfb5e7b691004bac0f7ec3c9eb3195624504343e945bccdf6b06b90ef986173",
    "https://esm.sh/v124/@netzo/api@1.0.11/lib/services/mongodb/api-keys/api-keys.schema.d.ts": "5224ff0ab33f6b0d1c1fe464d8d94d87a3a7e8a9a05ac1149f2bca40a5ec2662",
    "https://esm.sh/v124/@netzo/api@1.0.11/lib/services/mongodb/audit-logs/audit-logs.class.d.ts": "a6c58f2c8d2c26f68b19f4d0464927c114cc5f04bac414912d8cb1957d9fcb07",
    "https://esm.sh/v124/@netzo/api@1.0.11/lib/services/mongodb/audit-logs/audit-logs.d.ts": "c3014821c559593a7508de34a9c89be47bc43898c57ab5e032df8afbb097abfc",
    "https://esm.sh/v124/@netzo/api@1.0.11/lib/services/mongodb/audit-logs/audit-logs.schema.d.ts": "3d48406cceec4e2f4cf458fb3569cafc81bc6e06e8a6c254cef8dd3f9a4d477b",
    "https://esm.sh/v124/@netzo/api@1.0.11/lib/services/mongodb/deployments/deployments.class.d.ts": "436071d5ab38a3604595e7d89c4e09330a4d6d5fe154992a89728c4f0dd34a90",
    "https://esm.sh/v124/@netzo/api@1.0.11/lib/services/mongodb/deployments/deployments.d.ts": "ba241efee313411c0800f5a7ba419fc865ce4fa8f33bda4ae21eb7186d860777",
    "https://esm.sh/v124/@netzo/api@1.0.11/lib/services/mongodb/deployments/deployments.schema.d.ts": "a858e4edec2b50d71bce957dda15772066feb6c7097fc53e7defd67e40d71769",
    "https://esm.sh/v124/@netzo/api@1.0.11/lib/services/mongodb/logs/logs.class.d.ts": "640799e44930c81d4775c9e9f41d8d559c3c96b4dd52250f1d1f1da0db163f19",
    "https://esm.sh/v124/@netzo/api@1.0.11/lib/services/mongodb/logs/logs.d.ts": "c79416527d431eabf4622f883b795545601a27e545f26d88fa4df8ebf7ca10e2",
    "https://esm.sh/v124/@netzo/api@1.0.11/lib/services/mongodb/logs/logs.schema.d.ts": "93a990c50101c7de528b6207640619f8ae2c302626977f39e5e6943ed13dae28",
    "https://esm.sh/v124/@netzo/api@1.0.11/lib/services/mongodb/projects/projects.class.d.ts": "03f052ab4afa4965b5d68cc87f315029f9e75b444083aad7f2da84364458b761",
    "https://esm.sh/v124/@netzo/api@1.0.11/lib/services/mongodb/projects/projects.d.ts": "9fa0048f04afcbfade7197da8be755afb2d5aa50dfc031a33d9f5b2bd49ec60f",
    "https://esm.sh/v124/@netzo/api@1.0.11/lib/services/mongodb/projects/projects.schema.d.ts": "0670ef9dd57cf2516f0142236e5440e5f5ffbeec579145d009869ed45e7c9796",
    "https://esm.sh/v124/@netzo/api@1.0.11/lib/services/mongodb/requests/requests.class.d.ts": "75b56fe493be2e1fac2b33401c24395ca6d53626bfe64b8c140937dc7c670c10",
    "https://esm.sh/v124/@netzo/api@1.0.11/lib/services/mongodb/requests/requests.d.ts": "99b1edb710948e8b58870d7585fb220a14ab2afc0332089db5e6006742fc3bd7",
    "https://esm.sh/v124/@netzo/api@1.0.11/lib/services/mongodb/requests/requests.schema.d.ts": "e1b9f2f86a07638ebc58187e76549edc38923e82ed9bfd3fdc1a9d93e18b66fd",
    "https://esm.sh/v124/@netzo/api@1.0.11/lib/services/mongodb/templates/templates.class.d.ts": "ebbc6a9a5285996239a06870910a1c8ee95ca76dda0577d7bb9794b4c29d17f2",
    "https://esm.sh/v124/@netzo/api@1.0.11/lib/services/mongodb/templates/templates.d.ts": "f116cb1f8f4ac7105921901fd8dae93e2acd5f4b25dc56d466601b8aa3ae62bd",
    "https://esm.sh/v124/@netzo/api@1.0.11/lib/services/mongodb/templates/templates.schema.d.ts": "066a5943638cc37418526e2970daf2ed564eb661702855e1a389681403faed44",
    "https://esm.sh/v124/@netzo/api@1.0.11/lib/services/mongodb/users/users.class.d.ts": "0dff95e8e2cccbe43d904c887e88408d49847f83183788dffb988c92271f0691",
    "https://esm.sh/v124/@netzo/api@1.0.11/lib/services/mongodb/users/users.d.ts": "c6bef05403270b2710b4c23cd8741e9cc139df0495a8aeb2d841a31cd45a8c86",
    "https://esm.sh/v124/@netzo/api@1.0.11/lib/services/mongodb/users/users.schema.d.ts": "6561c3370e33ee60b2bfc8a179ea53ebd635a9c4cd291e78a5db87d2dd8a2203",
    "https://esm.sh/v124/@netzo/api@1.0.11/lib/services/mongodb/variables/variables.class.d.ts": "6139776c46afe5255d755fb6c288d5c4a586e975a8f03a8eaf11beb12892cbbf",
    "https://esm.sh/v124/@netzo/api@1.0.11/lib/services/mongodb/variables/variables.d.ts": "60ea789fa33c305d46d0c813f6fd57ccaccfcad3ba39e64b6fe1b66c1e939e7b",
    "https://esm.sh/v124/@netzo/api@1.0.11/lib/services/mongodb/variables/variables.schema.d.ts": "3d146cbe0aea90ce497014b861ab24a18cbdd33a59127be64988344a522457be",
    "https://esm.sh/v124/@netzo/api@1.0.11/lib/services/mongodb/workspace-users/workspace-users.class.d.ts": "fc47c1281cf31071b380de31d493cc59ba512a9a6bc4eba0f1eb5d4ffc2a00b2",
    "https://esm.sh/v124/@netzo/api@1.0.11/lib/services/mongodb/workspace-users/workspace-users.d.ts": "3b9b7b3a000772fbb2304660d5174d712ab0c9140698600891509f14d9d38c41",
    "https://esm.sh/v124/@netzo/api@1.0.11/lib/services/mongodb/workspace-users/workspace-users.schema.d.ts": "4cdd30f1785c04423b16bb213c758a373ca72bc7bb72a3fd88ea6bcd73322a16",
    "https://esm.sh/v124/@netzo/api@1.0.11/lib/services/mongodb/workspaces/workspaces.class.d.ts": "b7f152889c07491b3f2d6c77a45e8c99a82573314de342057d574032a5577feb",
    "https://esm.sh/v124/@netzo/api@1.0.11/lib/services/mongodb/workspaces/workspaces.d.ts": "e40329fbedf89adb36bda9b85ed25c1651c977cc626181286d1af69ac6e4467d",
    "https://esm.sh/v124/@netzo/api@1.0.11/lib/services/mongodb/workspaces/workspaces.schema.d.ts": "6ffa7dbede411d2204fb3fd06a89b91ff9b141dfbb879786df76e1a46a3e8313",
    "https://esm.sh/v124/@sinclair/typebox@0.25.24/typebox.d.ts": "e5be03e60f38a186b0d90c42fda9570dbd9cc9c429f84806c7654440fc543b9e",
    "https://esm.sh/v124/@sinclair/typebox@0.28.14/typebox.d.ts": "6a9144636b9e630c4df5ac5c0fd59e6ead627fabe2526e2c2c173affb2596a42",
    "https://esm.sh/v124/@types/body-parser@1.19.2/index.d.ts": "05a7ef0e08435b261fd7c85763f32bfe978b0c5d9614e78785c89e46031d8ee7",
    "https://esm.sh/v124/@types/compression@1.7.2/index.d.ts": "ec1f6b610ca32cdd17059775c5367fab59dc67a648eabde4e318061aaa4d4994",
    "https://esm.sh/v124/@types/connect@3.4.35/index.d.ts": "9668865616a72c8969a6b4ba7ced7c697c05027ab7590a5d6f661649a64ebccd",
    "https://esm.sh/v124/@types/cors@2.8.13/index.d.ts": "edd00798b2ae3f7363b3942f48f836f2f4a93bf7128a92163b6fa4b53af53099",
    "https://esm.sh/v124/@types/express@4.17.17/index.d.ts": "d0df5fb3cdbb908d417f553616b66db42e281023ea1c154b7dbcc68b4effe2db",
    "https://esm.sh/v124/@types/json-schema@7.0.11/index.d.ts": "f3e604694b624fa3f83f6684185452992088f5efb2cf136b62474aa106d6f1b6",
    "https://esm.sh/v124/@types/jsonwebtoken@9.0.2/index.d.ts": "894ec781ea4962eceb11cb2f5312b22fbc7d7e5ec9dcfc7a1c4b25bb2840a73d",
    "https://esm.sh/v124/@types/mime@3.0.1/Mime.d.ts": "b3f03e96a92599146c7b4b38af1443256429252a72d12c52a0e33c80077f2da1",
    "https://esm.sh/v124/@types/mime@3.0.1/index.d.ts": "b9084a966cf1c1304dde0d40c3e0e15483b8146ce05d28ab2e67d46872cdf8bf",
    "https://esm.sh/v124/@types/node@18.16.9/buffer.d.ts": "bcea71b60847e8c945a5100eb80744cb65fb69d24419e8b5f21a142a78d50cda",
    "https://esm.sh/v124/@types/node@18.16.9/crypto.d.ts": "b27845e9b87827cb4cf0732ec7fbc71b4327092087aac36882633c511306de7c",
    "https://esm.sh/v124/@types/node@18.16.9/dns.d.ts": "5bf512ea3d12dc56ff9e034a98ca702a70336d659a11c029eaa49d6248412edf",
    "https://esm.sh/v124/@types/node@18.16.9/dns/promises.d.ts": "e9d7f7b1927b23453fba7feee8cea201ad16ef441bfc139907bdc22583921ab8",
    "https://esm.sh/v124/@types/node@18.16.9/events.d.ts": "a872346ddf8497df0e0eeb947f25d174590b6d4eb8114024698b582becbc7357",
    "https://esm.sh/v124/@types/node@18.16.9/http.d.ts": "d82e991357f0651a5f48c3f46f73e1dc46782359bf63af817271226593746748",
    "https://esm.sh/v124/@types/node@18.16.9/net.d.ts": "462e208700c82dcfc968e55283d9e7767926d5b39c0f88aa317f8c93bb784270",
    "https://esm.sh/v124/@types/node@18.16.9/querystring.d.ts": "14d96b8bb9e4c03f49b003a7bd72a1f44850d0dbb741426b8c1031c35ffc778d",
    "https://esm.sh/v124/@types/node@18.16.9/stream.d.ts": "aff8cf91292aff5822a8803c88f0c0191e7c5963af8ac8657ded0f3baf72bf90",
    "https://esm.sh/v124/@types/node@18.16.9/stream/consumers.d.ts": "6642956d40be72e7c7c36a1dd6304ce913bd37aaf6a852df5f593f566f6e03b8",
    "https://esm.sh/v124/@types/node@18.16.9/stream/promises.d.ts": "6aeba993d66f7bde12d33c0d635a8a86e068de206729524f8aa186735f017e0d",
    "https://esm.sh/v124/@types/node@18.16.9/stream/web.d.ts": "e6e0ece64993083f04cb2ecdabb91ccb32b9bb55687db755df20fdd465df66cc",
    "https://esm.sh/v124/@types/node@18.16.9/tls.d.ts": "e5551e84e13f23d7abe922038e38412e3d84c145e3ac27b523c7113ac2b1c8d5",
    "https://esm.sh/v124/@types/node@18.16.9/url.d.ts": "85b1c3543419ffc4861f454d2a7ace3e0bc52db82c8dc58d4a10aeb0946a007c",
    "https://esm.sh/v124/@types/qs@6.9.7/index.d.ts": "ba601641fac98c229ccd4a303f747de376d761babb33229bb7153bed9356c9cc",
    "https://esm.sh/v124/@types/serve-static@1.15.1/index.d.ts": "da62f033e033a94b79b69aa3a56485a76c011d28b24206f4da44c93a1ce8dd81",
    "https://esm.sh/v124/express-serve-static-core@0.1.1/express-serve-static-core.d.ts": "f38c6ca1d8885ad9dc9d21c5745aef3f2bd4ea526b4b3418b1f9840fae2c3b12",
    "https://esm.sh/v124/json-schema-to-ts@2.9.1/lib/types/definitions/deserializationPattern.d.ts": "713971d5b51270a0e4355cd81bc056d97507c505ed08f0f9ef0b58569291a0d4",
    "https://esm.sh/v124/json-schema-to-ts@2.9.1/lib/types/definitions/extendedJsonSchema7.d.ts": "f0d7cc20bcf6c448ab154d2f7e1424c70032cb5d383829b0690de28b5588c824",
    "https://esm.sh/v124/json-schema-to-ts@2.9.1/lib/types/definitions/fromSchemaOptions.d.ts": "8fb60e4a02d1809d5a01a70ac0290d6dbedd181a67094bfcb6a1923a0df596a5",
    "https://esm.sh/v124/json-schema-to-ts@2.9.1/lib/types/definitions/index.d.ts": "eab8cf4c7aaecf24b446455d5471bb27a95378a70c1948a39ce9881347b7aee5",
    "https://esm.sh/v124/json-schema-to-ts@2.9.1/lib/types/definitions/jsonSchema7.d.ts": "2330a8230ffd62e121b0ddaf0ef384fc92e35ab4edd973ce87c755c1c80564d6",
    "https://esm.sh/v124/json-schema-to-ts@2.9.1/lib/types/index.d.ts": "19196ebf9f510b2f50893c912ed20763dde8cbc095ad042957e56314064857c3",
    "https://esm.sh/v124/json-schema-to-ts@2.9.1/lib/types/parse-options.d.ts": "8a183494db8062089ee278835680312ed67164305b0af111f0042bc29867ad81",
    "https://esm.sh/v124/json-schema-to-ts@2.9.1/lib/types/parse-schema/allOf.d.ts": "ee41f45b688eae787679a273b9fdfdc0532a213ddc6923f73eb169ba439caaa6",
    "https://esm.sh/v124/json-schema-to-ts@2.9.1/lib/types/parse-schema/anyOf.d.ts": "1d506a45c3aec64f0cb9f516f7181ce03278e12943d5d5bfff84ac68f7a90402",
    "https://esm.sh/v124/json-schema-to-ts@2.9.1/lib/types/parse-schema/array.d.ts": "00393145ed33b912872b3cfd4928bad5609b6303f0dce3b9bfa65aea4eae614f",
    "https://esm.sh/v124/json-schema-to-ts@2.9.1/lib/types/parse-schema/const.d.ts": "75eb8c010b061987e14fae8187fd91280eb820d4c1a18734caa3d06e57bc0534",
    "https://esm.sh/v124/json-schema-to-ts@2.9.1/lib/types/parse-schema/deserialize.d.ts": "437b433efd0a6f4766170104ce71a3e15989f880075c52232557c92916ec7cf4",
    "https://esm.sh/v124/json-schema-to-ts@2.9.1/lib/types/parse-schema/enum.d.ts": "d63f035913cd1b267b1015700d379a222e0abc7654aedd10afaff7518bcea697",
    "https://esm.sh/v124/json-schema-to-ts@2.9.1/lib/types/parse-schema/ifThenElse.d.ts": "28fdb04dd3e2bf56af3d1a2865b0e25ed6a499268bbb38e8d63b088a5e30fee5",
    "https://esm.sh/v124/json-schema-to-ts@2.9.1/lib/types/parse-schema/index.d.ts": "c8c544e2029c82332930171d8140150eae0530233d5caf5d6f449bf230ef5c8f",
    "https://esm.sh/v124/json-schema-to-ts@2.9.1/lib/types/parse-schema/multipleTypes.d.ts": "9cba60d99f943b007a43a5326bb1f00869410cb53f329f282973fb404b9c36b2",
    "https://esm.sh/v124/json-schema-to-ts@2.9.1/lib/types/parse-schema/not.d.ts": "1976add0a54752dc947c123ddb1981a453d3d3801a98a023a13f32effd5eb8fb",
    "https://esm.sh/v124/json-schema-to-ts@2.9.1/lib/types/parse-schema/nullable.d.ts": "7b7cd93ec16956bb307fc9d39d7c17e3bc6d11ce1534531a57afef062c99faab",
    "https://esm.sh/v124/json-schema-to-ts@2.9.1/lib/types/parse-schema/object.d.ts": "e880d0a75d05d24385a5c00e542be39f62807226889b231b3db49343a5d6c8fd",
    "https://esm.sh/v124/json-schema-to-ts@2.9.1/lib/types/parse-schema/oneOf.d.ts": "a66c44fe28224b09d42d20d59ed2621ca0062633373c9fcca5d15fc78748ce41",
    "https://esm.sh/v124/json-schema-to-ts@2.9.1/lib/types/parse-schema/references/definitions.d.ts": "86a0f817e45ccf8550e626c1a105a8e002565a9525a44a3196c1c1845478887c",
    "https://esm.sh/v124/json-schema-to-ts@2.9.1/lib/types/parse-schema/references/index.d.ts": "50c870fce97bceb1edc19a505599f1fa51c9bf1c701e72c7cddc84377d6dbd8e",
    "https://esm.sh/v124/json-schema-to-ts@2.9.1/lib/types/parse-schema/references/references.d.ts": "5948e5c5fa4dcdf96189bcf824ff02273828bc83a45bc87539c7d942a54ee72b",
    "https://esm.sh/v124/json-schema-to-ts@2.9.1/lib/types/parse-schema/references/utils.d.ts": "aef8ec64cba8fbcd7c4bfd1761c1f3684294b7f0a37410d842bd1c7ecf5d014b",
    "https://esm.sh/v124/json-schema-to-ts@2.9.1/lib/types/parse-schema/singleType.d.ts": "aba8a418fa8fd79267a5a0f3c12f3929b6d7be4756f6679120776d7e332a5877",
    "https://esm.sh/v124/json-schema-to-ts@2.9.1/lib/types/parse-schema/utils.d.ts": "3a67c5561d7ab02bfa9872b4d45e33e4cc622280ece0a3b4bda63e82a0c831b3",
    "https://esm.sh/v124/json-schema-to-ts@2.9.1/lib/types/type-utils/and.d.ts": "6bb5785ee397bff01f4dd23605829716e11dbaa6965ecd82ef87436c74ad51cc",
    "https://esm.sh/v124/json-schema-to-ts@2.9.1/lib/types/type-utils/compute.d.ts": "982399c41521f531df1f77a8ba833071725a17992a4251579948b7db4e129d53",
    "https://esm.sh/v124/json-schema-to-ts@2.9.1/lib/types/type-utils/extends.d.ts": "9c84b0fd92e2578f2b44d0685d7fdffaebf09143171275e89d3f2283337ad76e",
    "https://esm.sh/v124/json-schema-to-ts@2.9.1/lib/types/type-utils/get.d.ts": "7d467636db5e760e7af76b4e4bb07e3c3066f94e810374de7f7bf47b1a648b40",
    "https://esm.sh/v124/json-schema-to-ts@2.9.1/lib/types/type-utils/if.d.ts": "2b3bcc6c45530a340474138bae4621759c32ca00ceb4221f4ff80e7a060ed344",
    "https://esm.sh/v124/json-schema-to-ts@2.9.1/lib/types/type-utils/index.d.ts": "d4600f6352f4e058d63afec47e2d2822b902073a1a746fe2be5817cbbec85594",
    "https://esm.sh/v124/json-schema-to-ts@2.9.1/lib/types/type-utils/join.d.ts": "07e5bd43d22ddc4be845dd204f28f4ec889f8ca67ff397b6785f5f89bb072471",
    "https://esm.sh/v124/json-schema-to-ts@2.9.1/lib/types/type-utils/key.d.ts": "381e5facdcf818310cd9406017eb50b972aab17ea13554c36eff8b44506fc509",
    "https://esm.sh/v124/json-schema-to-ts@2.9.1/lib/types/type-utils/narrow.d.ts": "811563ba1789d393a0f8c24a1c13a49331ad331017c7b6e77cb373f08aee01d1",
    "https://esm.sh/v124/json-schema-to-ts@2.9.1/lib/types/type-utils/pop.d.ts": "0a3f9ba22ad90f6af24a2bdf9f8a5eeded1f171a06fce6600723279efcae2a2f",
    "https://esm.sh/v124/json-schema-to-ts@2.9.1/lib/types/type-utils/readonly.d.ts": "f23553766edee7347bdd41f39c76a4fb00d9b212bff5e4035511c9a3276c1bda",
    "https://esm.sh/v124/json-schema-to-ts@2.9.1/lib/types/type-utils/reverse.d.ts": "5ee2dc51ce8631b1f6e7c15edcbaaba87224f1ff4c2c1fd0348c3f0146072962",
    "https://esm.sh/v124/json-schema-to-ts@2.9.1/lib/types/type-utils/split.d.ts": "560292c18bef992940e208c51401c24447105bb8a6a63b1f88df4c8f164223e2",
    "https://esm.sh/v124/json-schema-to-ts@2.9.1/lib/types/type-utils/tail.d.ts": "695d48708d4449f1274c5a6150b807c9995da868bcef3a7dee83ef2a53c89768",
    "https://esm.sh/v124/json-schema-to-ts@2.9.1/lib/types/type-utils/writable.d.ts": "eb966e1a10d2c339b1e0c0762356126b7ae68bcd95fadf08daaa6522bd03ab62",
    "https://esm.sh/v124/json-schema-to-ts@2.9.1/lib/types/utils/asConst.d.ts": "b5ec16c58c7d26808c728347271ed980c0d45abe066f5377677fa759904a04ca",
    "https://esm.sh/v124/json-schema-to-ts@2.9.1/lib/types/utils/index.d.ts": "9a4572b6f892e7512558f687e6b4e841f67efd848b405ffb388b3119387bd77f",
    "https://esm.sh/v124/json-schema-to-ts@2.9.1/lib/types/utils/type-guards/compiler.d.ts": "c5bde384ba7d86d724798a8ee900cb75744f53f9c10c4105d4d1a09569f1b09d",
    "https://esm.sh/v124/json-schema-to-ts@2.9.1/lib/types/utils/type-guards/index.d.ts": "d243e1a1cedb6209d4eb784ec519099a6a2dccd1af0d34d3409c718f31253a6d",
    "https://esm.sh/v124/json-schema-to-ts@2.9.1/lib/types/utils/type-guards/validator.d.ts": "1ef3dcc8a546fe9c2fa4330507add6353278182ea77508a0eb5414d797394889",
    "https://esm.sh/v124/node.ns.d.ts": "0fb081f0cd2150931bd54baa04f31466abd9ca701fd9060d07931402cf8367ba",
    "https://esm.sh/v124/ts-algebra@1.2.0/lib/index.d.ts": "f7e8fd4e0bdeedc9ae13eeeb924460aea1057768eb5216682bfd60115e3e124b",
    "https://esm.sh/v124/ts-algebra@1.2.0/lib/meta-types/any.d.ts": "e577968aa4dccd219dda7f3587f7616b7dbb3c1a8660601fe449928ab3b514fa",
    "https://esm.sh/v124/ts-algebra@1.2.0/lib/meta-types/array.d.ts": "a385b010eb050e94ba2435f5284001c6d69d799332ccffafc4c051ab50943270",
    "https://esm.sh/v124/ts-algebra@1.2.0/lib/meta-types/const.d.ts": "4d4fc0c1895e4074235d012e7abdd9f61b2f87c95c6cb702489efa435d106191",
    "https://esm.sh/v124/ts-algebra@1.2.0/lib/meta-types/enum.d.ts": "acb0c92bd577f40b81271c5100ecf99b439bc6d0ff0191c5b86e139bfeac42f4",
    "https://esm.sh/v124/ts-algebra@1.2.0/lib/meta-types/exclusion/any.d.ts": "eadd213c1eb230f5ee32e9831e63b171c58136f0dcae7f8d7ef24de3d3dd1542",
    "https://esm.sh/v124/ts-algebra@1.2.0/lib/meta-types/exclusion/array.d.ts": "0ba2a3bc3d11a314c995d4f98ac7a52054d5000d7e202e32abfda44bd8698bb3",
    "https://esm.sh/v124/ts-algebra@1.2.0/lib/meta-types/exclusion/const.d.ts": "32355618bab3b8ffd221edc06f5eb0382b333660d4ad8fa9f5a5e3630a14533c",
    "https://esm.sh/v124/ts-algebra@1.2.0/lib/meta-types/exclusion/enum.d.ts": "2fcd776815246d1390a94eb235c52bddc34e375ba081c94652e2de1097102e60",
    "https://esm.sh/v124/ts-algebra@1.2.0/lib/meta-types/exclusion/index.d.ts": "eecf4c7ac6940c7fbc8c89e9e551ac33e3af23b268e957f5645c990009c0286d",
    "https://esm.sh/v124/ts-algebra@1.2.0/lib/meta-types/exclusion/object.d.ts": "266d7b13c70ef5fa31074e3eaca020b9cb215e30bf781e5b302252c253c4e97b",
    "https://esm.sh/v124/ts-algebra@1.2.0/lib/meta-types/exclusion/primitive.d.ts": "fe23e7ae0da834998fc80023d7ebd295370ed247056ec3a3c92e1e6df99862df",
    "https://esm.sh/v124/ts-algebra@1.2.0/lib/meta-types/exclusion/tuple.d.ts": "9023e68d30cb4946771f3d32743a2a5ba223b499c84464c1ee4a369cd9a73734",
    "https://esm.sh/v124/ts-algebra@1.2.0/lib/meta-types/exclusion/union.d.ts": "c8dd75e0945a7e3977351d489f76387fefbc9de0fbe84e0dc49f4dc54bd92605",
    "https://esm.sh/v124/ts-algebra@1.2.0/lib/meta-types/exclusion/utils.d.ts": "6b91e1cc343558d5b0f4e08d6f9eb97fdb8cec536753d0b71ccc01defe4f8793",
    "https://esm.sh/v124/ts-algebra@1.2.0/lib/meta-types/index.d.ts": "1ee28e5adcd9572c8e1a84e80b36c6896641ae06d942dec824987022c49ec9e8",
    "https://esm.sh/v124/ts-algebra@1.2.0/lib/meta-types/intersection/any.d.ts": "e90f04c9d6e3dd7a874dae9fbe1b351706db71f4b869bbffc99dd0c08e5a71eb",
    "https://esm.sh/v124/ts-algebra@1.2.0/lib/meta-types/intersection/array.d.ts": "a79cee8ff86b7a1695849b423dd6651560089196992c97f44361d8de284d1c78",
    "https://esm.sh/v124/ts-algebra@1.2.0/lib/meta-types/intersection/const.d.ts": "4a9ea01c36564c67bb47312dd5abd387971b3515f7d224266a29c074ff4ca040",
    "https://esm.sh/v124/ts-algebra@1.2.0/lib/meta-types/intersection/enum.d.ts": "7cb7add9149dc779701601e361d4bcc2779eca4cc5f1ceb8daa5c8b49417eb14",
    "https://esm.sh/v124/ts-algebra@1.2.0/lib/meta-types/intersection/index.d.ts": "7a9f16d97b8167ad8dbbad42a796f7437521012177ff12e761525c41e627e3bc",
    "https://esm.sh/v124/ts-algebra@1.2.0/lib/meta-types/intersection/object.d.ts": "b7af1ca93b4f91f2f38fe01c04ca90a3f33fcae12c7366a5a71dea219d37b522",
    "https://esm.sh/v124/ts-algebra@1.2.0/lib/meta-types/intersection/primitive.d.ts": "76cf154ebdeef4914b49083afa0ae485a30099207d9436f5b5396456beb986ac",
    "https://esm.sh/v124/ts-algebra@1.2.0/lib/meta-types/intersection/tuple.d.ts": "37d8af8579f832178f9c4e996f5d37677746b0ea7306f3964c3a3012bd07c819",
    "https://esm.sh/v124/ts-algebra@1.2.0/lib/meta-types/intersection/union.d.ts": "4938b0b2b0cea5ac575e0822074161e9db4bb701c27ab05e2893ed0a90fce377",
    "https://esm.sh/v124/ts-algebra@1.2.0/lib/meta-types/intersection/utils.d.ts": "9494f49c18c481ee3ce03420969c00525318975887fece0ebb5103586df63af9",
    "https://esm.sh/v124/ts-algebra@1.2.0/lib/meta-types/never.d.ts": "5b5ae1073d30857ac5f8955a8b63c068f1840736b57e5da3ed2e1e3f7b8ed6c3",
    "https://esm.sh/v124/ts-algebra@1.2.0/lib/meta-types/object.d.ts": "3a3a98f4043994ba1c3a7a1fa7f6a50e8f1f5ba32f78eef7b328b353cf7b8bcf",
    "https://esm.sh/v124/ts-algebra@1.2.0/lib/meta-types/primitive.d.ts": "4c2deabc1360466d3d92ef4c64701af3858e8474fdfbd1d0b9619f0d0c6c6607",
    "https://esm.sh/v124/ts-algebra@1.2.0/lib/meta-types/resolve.d.ts": "95b590b4a20fb1e7362c60fc5d9b8069f9932c0e01b94dba938a97ce3991e463",
    "https://esm.sh/v124/ts-algebra@1.2.0/lib/meta-types/tuple.d.ts": "44e0e8672fc4088a173965a68ff95d6c3400020e310bd3ed5a4806f8ed310e4c",
    "https://esm.sh/v124/ts-algebra@1.2.0/lib/meta-types/type.d.ts": "46c52881310b6fc0bb108c01c5b1f128f23896be000baa00b5e2c2ebbbd72abc",
    "https://esm.sh/v124/ts-algebra@1.2.0/lib/meta-types/union.d.ts": "fd49a963ee0f97896a67e0cdec4fac2f35286edd9823176af8e2a5fb3abdeb9d",
    "https://esm.sh/v124/ts-algebra@1.2.0/lib/meta-types/utils.d.ts": "6b4307ad5e2a0a3864952ecdb1c6684d8b75961befd03e7bd690eaf2a1fb6cff",
    "https://esm.sh/v124/ts-algebra@1.2.0/lib/utils/and.d.ts": "6bb5785ee397bff01f4dd23605829716e11dbaa6965ecd82ef87436c74ad51cc",
    "https://esm.sh/v124/ts-algebra@1.2.0/lib/utils/extends.d.ts": "7becbc5ce3830582afaa294e7b0d775759f805ac76b197659eecb4393e8bb1d1",
    "https://esm.sh/v124/ts-algebra@1.2.0/lib/utils/if.d.ts": "76697dfc24233cbaf672003e508b325ff306cb2a505540ebf0f812563eeebf09",
    "https://esm.sh/v124/ts-algebra@1.2.0/lib/utils/index.d.ts": "b036fb6f916cf8f6ede4bd9001d226314848a3d63837c657ed8d96f6a74ea38e",
    "https://esm.sh/v124/ts-algebra@1.2.0/lib/utils/intersectUnion.d.ts": "4f08f421e86a503bb8c58527197b69074e42ac30d2500054ce75f5ac1205a9cc",
    "https://esm.sh/v124/ts-algebra@1.2.0/lib/utils/isNever.d.ts": "af7f4ab4efd97104f84d901141da1615d203822dff29e2566d6fcc401f3a7c2e",
    "https://esm.sh/v124/ts-algebra@1.2.0/lib/utils/merge.d.ts": "eb67787412b472d4a53f82f8982b82614fe7d7c299b9c3bc699ba4a6abec923f",
    "https://esm.sh/v124/ts-algebra@1.2.0/lib/utils/not.d.ts": "40eefb26f2dd946dadb6216f9451ba50ec74c9c4c6d39aa1e178d80703ad6cec",
    "https://esm.sh/v124/ts-algebra@1.2.0/lib/utils/or.d.ts": "7f5675f8ea658a8562d7deebf1756a2801f1a407e9e67b1a34e92a98d151676c",
    "https://esm.sh/v124/ts-algebra@1.2.0/lib/utils/prettify.d.ts": "eae35718e18d4f69fa42778957e9ebd5dbd846665af174ca8f72b6af5afa6f20",
    "https://esm.sh/v124/ts-algebra@1.2.0/lib/utils/tail.d.ts": "695d48708d4449f1274c5a6150b807c9995da868bcef3a7dee83ef2a53c89768",
    "https://esm.sh/v124/ts-algebra@1.2.0/lib/utils/unionLast.d.ts": "2b8cbdcfdf72aca576c854726e6fc0835ebf2f3c5a5df2480f72103695bfba40",
    "https://esm.sh/v124/ts-algebra@1.2.0/lib/utils/unionPop.d.ts": "145dcbf39e65a65fa572df885ea4e23582057be520145f91567806d35274f307"
  }
}
