{
  "version": "2",
  "remote": {
    "https://deno.land/std@0.168.0/async/abortable.ts": "80b2ac399f142cc528f95a037a7d0e653296352d95c681e284533765961de409",
    "https://deno.land/std@0.168.0/async/deadline.ts": "2c2deb53c7c28ca1dda7a3ad81e70508b1ebc25db52559de6b8636c9278fd41f",
    "https://deno.land/std@0.168.0/async/debounce.ts": "60301ffb37e730cd2d6f9dadfd0ecb2a38857681bd7aaf6b0a106b06e5210a98",
    "https://deno.land/std@0.168.0/async/deferred.ts": "77d3f84255c3627f1cc88699d8472b664d7635990d5358c4351623e098e917d6",
    "https://deno.land/std@0.168.0/async/delay.ts": "5a9bfba8de38840308a7a33786a0155a7f6c1f7a859558ddcec5fe06e16daf57",
    "https://deno.land/std@0.168.0/async/mod.ts": "7809ad4bb223e40f5fdc043e5c7ca04e0e25eed35c32c3c32e28697c553fa6d9",
    "https://deno.land/std@0.168.0/async/mux_async_iterator.ts": "770a0ff26c59f8bbbda6b703a2235f04e379f73238e8d66a087edc68c2a2c35f",
    "https://deno.land/std@0.168.0/async/pool.ts": "6854d8cd675a74c73391c82005cbbe4cc58183bddcd1fbbd7c2bcda42b61cf69",
    "https://deno.land/std@0.168.0/async/retry.ts": "e8e5173623915bbc0ddc537698fa418cf875456c347eda1ed453528645b42e67",
    "https://deno.land/std@0.168.0/async/tee.ts": "3a47cc4e9a940904fd4341f0224907e199121c80b831faa5ec2b054c6d2eff5e",
    "https://deno.land/std@0.168.0/http/server.ts": "e99c1bee8a3f6571ee4cdeb2966efad465b8f6fe62bec1bdb59c1f007cc4d155",
    "https://esm.sh/@tremor/react@1.6.0?alias=react:preact/compat,react-dom:preact/compat&deps=preact@10.13.1": "36bddf1cfda75d493a14291d593d9846d194a49f8c8233ce91c7acebd0e28e18",
    "https://esm.sh/preact-render-to-string@5.1.19?deps=preact@10.13.1": "0e71fb04b88a91d33220347db4bd6f507c347970745f1d528efe781ff4c0ea2b",
    "https://esm.sh/preact@10.13.1": "1488a95522db7fdb0b89af27b680650b9def629327149acc868d1e0cadc5c8f5",
    "https://esm.sh/stable/preact@10.13.1/deno/compat.js": "7d9d192a5ecce50f5a10a8d45d5788444e6ec3dcbf5eae9346579e40d1d90206",
    "https://esm.sh/stable/preact@10.13.1/deno/hooks.js": "a90cebbdf3b4e52f0052fcf7332e4930449e58d27dbc22b98f135f6379e83908",
    "https://esm.sh/stable/preact@10.13.1/deno/preact.js": "f93b0cff8f1665c91457b087f116193d301804cf76a27d960a90bec5c358666f",
    "https://esm.sh/v111/@tremor/react@1.6.0/X-YS9yZWFjdC1kb206cHJlYWN0L2NvbXBhdCxyZWFjdDpwcmVhY3QvY29tcGF0CmQvcHJlYWN0QDEwLjEzLjE/deno/react.js": "a0f09d5de6661c846bfa954e31b51ab6e9b3414669750ea68c6f8657ec6d4b6a",
    "https://esm.sh/v111/@tremor/react@1.6.0/X-YS9yZWFjdC1kb206cHJlYWN0L2NvbXBhdCxyZWFjdDpwcmVhY3QvY29tcGF0CmQvcHJlYWN0QDEwLjEzLjE/dist/index.d.ts": "8a52a033a9ece2c3c7bfcefbb242346d9eb6c0dcfac8421d0a4ba0d48ae7104b",
    "https://esm.sh/v111/@types/prop-types@15.7.5/X-YS9yZWFjdC1kb206cHJlYWN0L2NvbXBhdCxyZWFjdDpwcmVhY3QvY29tcGF0CmQvcHJlYWN0QDEwLjEzLjE/index.d.ts": "6a386ff939f180ae8ef064699d8b7b6e62bc2731a62d7fbf5e02589383838dea",
    "https://esm.sh/v111/@types/react@18.0.28/X-YS9yZWFjdC1kb206cHJlYWN0L2NvbXBhdCxyZWFjdDpwcmVhY3QvY29tcGF0CmQvcHJlYWN0QDEwLjEzLjE/global.d.ts": "bbdf156fea2fabed31a569445835aeedcc33643d404fcbaa54541f06c109df3f",
    "https://esm.sh/v111/@types/react@18.0.28/X-YS9yZWFjdC1kb206cHJlYWN0L2NvbXBhdCxyZWFjdDpwcmVhY3QvY29tcGF0CmQvcHJlYWN0QDEwLjEzLjE/index.d.ts": "052a950d44fa38dafb74d534ec7aea56c7399c1f53a9c7e57bc7176fc1663830",
    "https://esm.sh/v111/@types/scheduler@0.16.2/X-YS9yZWFjdC1kb206cHJlYWN0L2NvbXBhdCxyZWFjdDpwcmVhY3QvY29tcGF0CmQvcHJlYWN0QDEwLjEzLjE/tracing.d.ts": "f5a8b384f182b3851cec3596ccc96cb7464f8d3469f48c74bf2befb782a19de5",
    "https://esm.sh/v111/csstype@3.1.1/X-YS9yZWFjdC1kb206cHJlYWN0L2NvbXBhdCxyZWFjdDpwcmVhY3QvY29tcGF0CmQvcHJlYWN0QDEwLjEzLjE/index.d.ts": "1c29793071152b207c01ea1954e343be9a44d85234447b2b236acae9e709a383",
    "https://esm.sh/v111/preact-render-to-string@5.1.19/X-ZC9wcmVhY3RAMTAuMTMuMQ/deno/preact-render-to-string.js": "9bc101ce00f6edd9dfa6432e12ffc30502657612556b38cfabbdc10f1c61b1f3",
    "https://esm.sh/v111/preact-render-to-string@5.1.19/X-ZC9wcmVhY3RAMTAuMTMuMQ/src/index.d.ts": "89d7801f9f4f4d7b62e85ce26849de894b438cca914c75963e598671bf32bf21",
    "https://esm.sh/v111/preact@10.13.1/src/index.d.ts": "65398710de6aa0a07412da79784e05e6e96763f51c7c91b77344d2d0af06385c",
    "https://esm.sh/v111/preact@10.13.1/src/jsx.d.ts": "fde41cfb4944bcc5005e653c989ef8f85deb1cbb5364a1726654993937cd08d0"
  }
}
